{
  "version": 4,
  "terraform_version": "0.15.3",
  "serial": 494,
  "lineage": "8087627f-287f-d42e-1ab4-138eaed1a78a",
  "outputs": {},
  "resources": [
    {
      "mode": "data",
      "type": "azurerm_public_ip",
      "name": "example",
      "provider": "provider[\"registry.terraform.io/hashicorp/azurerm\"]",
      "instances": [
        {
          "schema_version": 0,
          "attributes": {
            "allocation_method": "Dynamic",
            "domain_name_label": "",
            "fqdn": "",
            "id": "/subscriptions/1e239f3d-8083-4cfd-a2c6-03a2828aa2db/resourceGroups/avi/providers/Microsoft.Network/publicIPAddresses/public-ip",
            "idle_timeout_in_minutes": 4,
            "ip_address": "23.101.0.12",
            "ip_tags": {},
            "ip_version": "IPv4",
            "location": "eastasia",
            "name": "public-ip",
            "resource_group_name": "avi",
            "reverse_fqdn": "",
            "sku": "Basic",
            "tags": {
              "use": "auth"
            },
            "timeouts": null,
            "zones": []
          },
          "sensitive_attributes": []
        }
      ]
    },
    {
      "mode": "managed",
      "type": "azurerm_network_interface",
      "name": "net-interface",
      "provider": "provider[\"registry.terraform.io/hashicorp/azurerm\"]",
      "instances": [
        {
          "schema_version": 0,
          "attributes": {
            "applied_dns_servers": [],
            "dns_servers": [],
            "enable_accelerated_networking": false,
            "enable_ip_forwarding": false,
            "id": "/subscriptions/1e239f3d-8083-4cfd-a2c6-03a2828aa2db/resourceGroups/avi/providers/Microsoft.Network/networkInterfaces/nic-1",
            "internal_dns_name_label": "",
            "internal_domain_name_suffix": "1yjywiv2lgdurafv21b2ilnnba.hx.internal.cloudapp.net",
            "ip_configuration": [
              {
                "name": "nic-1",
                "primary": true,
                "private_ip_address": "10.20.1.4",
                "private_ip_address_allocation": "Dynamic",
                "private_ip_address_version": "IPv4",
                "public_ip_address_id": "/subscriptions/1e239f3d-8083-4cfd-a2c6-03a2828aa2db/resourceGroups/avi/providers/Microsoft.Network/publicIPAddresses/public-ip",
                "subnet_id": "/subscriptions/1e239f3d-8083-4cfd-a2c6-03a2828aa2db/resourceGroups/avi/providers/Microsoft.Network/virtualNetworks/vn1/subnets/sn1"
              }
            ],
            "location": "eastasia",
            "mac_address": "",
            "name": "nic-1",
            "private_ip_address": "10.20.1.4",
            "private_ip_addresses": [
              "10.20.1.4"
            ],
            "resource_group_name": "avi",
            "tags": null,
            "timeouts": null,
            "virtual_machine_id": ""
          },
          "sensitive_attributes": [],
          "private": "eyJlMmJmYjczMC1lY2FhLTExZTYtOGY4OC0zNDM2M2JjN2M0YzAiOnsiY3JlYXRlIjoxODAwMDAwMDAwMDAwLCJkZWxldGUiOjE4MDAwMDAwMDAwMDAsInJlYWQiOjMwMDAwMDAwMDAwMCwidXBkYXRlIjoxODAwMDAwMDAwMDAwfX0=",
          "dependencies": [
            "azurerm_public_ip.public-ip",
            "azurerm_resource_group.rg1",
            "azurerm_subnet.sn1",
            "azurerm_virtual_network.vn"
          ]
        }
      ]
    },
    {
      "mode": "managed",
      "type": "azurerm_network_security_group",
      "name": "nsg",
      "provider": "provider[\"registry.terraform.io/hashicorp/azurerm\"]",
      "instances": [
        {
          "schema_version": 0,
          "attributes": {
            "id": "/subscriptions/1e239f3d-8083-4cfd-a2c6-03a2828aa2db/resourceGroups/avi/providers/Microsoft.Network/networkSecurityGroups/nsg-1",
            "location": "eastasia",
            "name": "nsg-1",
            "resource_group_name": "avi",
            "security_rule": [
              {
                "access": "Allow",
                "description": "",
                "destination_address_prefix": "*",
                "destination_address_prefixes": [],
                "destination_application_security_group_ids": [],
                "destination_port_range": "*",
                "destination_port_ranges": [],
                "direction": "Inbound",
                "name": "req",
                "priority": 100,
                "protocol": "Tcp",
                "source_address_prefix": "*",
                "source_address_prefixes": [],
                "source_application_security_group_ids": [],
                "source_port_range": "",
                "source_port_ranges": [
                  "21",
                  "22",
                  "80"
                ]
              }
            ],
            "tags": null,
            "timeouts": null
          },
          "sensitive_attributes": [],
          "private": "eyJlMmJmYjczMC1lY2FhLTExZTYtOGY4OC0zNDM2M2JjN2M0YzAiOnsiY3JlYXRlIjoxODAwMDAwMDAwMDAwLCJkZWxldGUiOjE4MDAwMDAwMDAwMDAsInJlYWQiOjMwMDAwMDAwMDAwMCwidXBkYXRlIjoxODAwMDAwMDAwMDAwfX0=",
          "dependencies": [
            "azurerm_resource_group.rg1"
          ]
        }
      ]
    },
    {
      "mode": "managed",
      "type": "azurerm_public_ip",
      "name": "public-ip",
      "provider": "provider[\"registry.terraform.io/hashicorp/azurerm\"]",
      "instances": [
        {
          "schema_version": 0,
          "attributes": {
            "allocation_method": "Dynamic",
            "domain_name_label": null,
            "fqdn": null,
            "id": "/subscriptions/1e239f3d-8083-4cfd-a2c6-03a2828aa2db/resourceGroups/avi/providers/Microsoft.Network/publicIPAddresses/public-ip",
            "idle_timeout_in_minutes": 4,
            "ip_address": "",
            "ip_tags": null,
            "ip_version": "IPv4",
            "location": "eastasia",
            "name": "public-ip",
            "public_ip_prefix_id": null,
            "resource_group_name": "avi",
            "reverse_fqdn": null,
            "sku": "Basic",
            "tags": {
              "use": "auth"
            },
            "timeouts": null,
            "zones": null
          },
          "sensitive_attributes": [],
          "private": "eyJlMmJmYjczMC1lY2FhLTExZTYtOGY4OC0zNDM2M2JjN2M0YzAiOnsiY3JlYXRlIjoxODAwMDAwMDAwMDAwLCJkZWxldGUiOjE4MDAwMDAwMDAwMDAsInJlYWQiOjMwMDAwMDAwMDAwMCwidXBkYXRlIjoxODAwMDAwMDAwMDAwfX0=",
          "dependencies": [
            "azurerm_resource_group.rg1"
          ]
        }
      ]
    },
    {
      "mode": "managed",
      "type": "azurerm_resource_group",
      "name": "rg1",
      "provider": "provider[\"registry.terraform.io/hashicorp/azurerm\"]",
      "instances": [
        {
          "schema_version": 0,
          "attributes": {
            "id": "/subscriptions/1e239f3d-8083-4cfd-a2c6-03a2828aa2db/resourceGroups/avi",
            "location": "eastasia",
            "name": "avi",
            "tags": null,
            "timeouts": null
          },
          "sensitive_attributes": [],
          "private": "eyJlMmJmYjczMC1lY2FhLTExZTYtOGY4OC0zNDM2M2JjN2M0YzAiOnsiY3JlYXRlIjo1NDAwMDAwMDAwMDAwLCJkZWxldGUiOjU0MDAwMDAwMDAwMDAsInJlYWQiOjMwMDAwMDAwMDAwMCwidXBkYXRlIjo1NDAwMDAwMDAwMDAwfX0="
        }
      ]
    },
    {
      "mode": "managed",
      "type": "azurerm_subnet",
      "name": "sn1",
      "provider": "provider[\"registry.terraform.io/hashicorp/azurerm\"]",
      "instances": [
        {
          "schema_version": 0,
          "attributes": {
            "address_prefix": "10.20.1.0/24",
            "address_prefixes": [
              "10.20.1.0/24"
            ],
            "delegation": [],
            "enforce_private_link_endpoint_network_policies": false,
            "enforce_private_link_service_network_policies": false,
            "id": "/subscriptions/1e239f3d-8083-4cfd-a2c6-03a2828aa2db/resourceGroups/avi/providers/Microsoft.Network/virtualNetworks/vn1/subnets/sn1",
            "name": "sn1",
            "resource_group_name": "avi",
            "service_endpoint_policy_ids": null,
            "service_endpoints": null,
            "timeouts": null,
            "virtual_network_name": "vn1"
          },
          "sensitive_attributes": [],
          "private": "eyJlMmJmYjczMC1lY2FhLTExZTYtOGY4OC0zNDM2M2JjN2M0YzAiOnsiY3JlYXRlIjoxODAwMDAwMDAwMDAwLCJkZWxldGUiOjE4MDAwMDAwMDAwMDAsInJlYWQiOjMwMDAwMDAwMDAwMCwidXBkYXRlIjoxODAwMDAwMDAwMDAwfX0=",
          "dependencies": [
            "azurerm_resource_group.rg1",
            "azurerm_virtual_network.vn"
          ]
        }
      ]
    },
    {
      "mode": "managed",
      "type": "azurerm_virtual_machine",
      "name": "os1",
      "provider": "provider[\"registry.terraform.io/hashicorp/azurerm\"]",
      "instances": [
        {
          "schema_version": 0,
          "attributes": {
            "additional_capabilities": [],
            "availability_set_id": null,
            "boot_diagnostics": [],
            "delete_data_disks_on_termination": false,
            "delete_os_disk_on_termination": false,
            "id": "/subscriptions/1e239f3d-8083-4cfd-a2c6-03a2828aa2db/resourceGroups/avi/providers/Microsoft.Compute/virtualMachines/vm1",
            "identity": [],
            "license_type": null,
            "location": "eastasia",
            "name": "vm1",
            "network_interface_ids": [
              "/subscriptions/1e239f3d-8083-4cfd-a2c6-03a2828aa2db/resourceGroups/avi/providers/Microsoft.Network/networkInterfaces/nic-1"
            ],
            "os_profile": [
              {
                "admin_password": "",
                "admin_username": "avi",
                "computer_name": "avi",
                "custom_data": ""
              }
            ],
            "os_profile_linux_config": [
              {
                "disable_password_authentication": false,
                "ssh_keys": []
              }
            ],
            "os_profile_secrets": [],
            "os_profile_windows_config": [],
            "plan": [],
            "primary_network_interface_id": null,
            "proximity_placement_group_id": null,
            "resource_group_name": "avi",
            "storage_data_disk": [],
            "storage_image_reference": [
              {
                "id": "",
                "offer": "RHEL",
                "publisher": "RedHat",
                "sku": "8.1",
                "version": "latest"
              }
            ],
            "storage_os_disk": [
              {
                "caching": "ReadWrite",
                "create_option": "FromImage",
                "disk_size_gb": 70,
                "image_uri": "",
                "managed_disk_id": "/subscriptions/1e239f3d-8083-4cfd-a2c6-03a2828aa2db/resourceGroups/avi/providers/Microsoft.Compute/disks/d1",
                "managed_disk_type": "Standard_LRS",
                "name": "d1",
                "os_type": "Linux",
                "vhd_uri": "",
                "write_accelerator_enabled": false
              }
            ],
            "tags": {
              "Env": "conf"
            },
            "timeouts": null,
            "vm_size": "Standard_DS1_v2",
            "zones": null
          },
          "sensitive_attributes": [],
          "private": "eyJlMmJmYjczMC1lY2FhLTExZTYtOGY4OC0zNDM2M2JjN2M0YzAiOnsiY3JlYXRlIjozNjAwMDAwMDAwMDAwLCJkZWxldGUiOjM2MDAwMDAwMDAwMDAsInJlYWQiOjMwMDAwMDAwMDAwMCwidXBkYXRlIjozNjAwMDAwMDAwMDAwfX0=",
          "dependencies": [
            "azurerm_network_interface.net-interface",
            "azurerm_public_ip.public-ip",
            "azurerm_resource_group.rg1",
            "azurerm_subnet.sn1",
            "azurerm_virtual_network.vn"
          ]
        }
      ]
    },
    {
      "mode": "managed",
      "type": "azurerm_virtual_network",
      "name": "vn",
      "provider": "provider[\"registry.terraform.io/hashicorp/azurerm\"]",
      "instances": [
        {
          "schema_version": 0,
          "attributes": {
            "address_space": [
              "10.20.0.0/16"
            ],
            "bgp_community": "",
            "ddos_protection_plan": [],
            "dns_servers": null,
            "guid": "228b13de-59bc-4887-80b5-e6c3c42dad08",
            "id": "/subscriptions/1e239f3d-8083-4cfd-a2c6-03a2828aa2db/resourceGroups/avi/providers/Microsoft.Network/virtualNetworks/vn1",
            "location": "eastasia",
            "name": "vn1",
            "resource_group_name": "avi",
            "subnet": [],
            "tags": null,
            "timeouts": null,
            "vm_protection_enabled": false
          },
          "sensitive_attributes": [],
          "private": "eyJlMmJmYjczMC1lY2FhLTExZTYtOGY4OC0zNDM2M2JjN2M0YzAiOnsiY3JlYXRlIjoxODAwMDAwMDAwMDAwLCJkZWxldGUiOjE4MDAwMDAwMDAwMDAsInJlYWQiOjMwMDAwMDAwMDAwMCwidXBkYXRlIjoxODAwMDAwMDAwMDAwfX0=",
          "dependencies": [
            "azurerm_resource_group.rg1"
          ]
        }
      ]
    },
    {
      "mode": "managed",
      "type": "null_resource",
      "name": "conf_ftp_server",
      "provider": "provider[\"registry.terraform.io/hashicorp/null\"]",
      "instances": [
        {
          "schema_version": 0,
          "attributes": {
            "id": "1483007944244409965",
            "triggers": null
          },
          "sensitive_attributes": [],
          "private": "bnVsbA==",
          "dependencies": [
            "azurerm_network_interface.net-interface",
            "azurerm_public_ip.public-ip",
            "azurerm_resource_group.rg1",
            "azurerm_subnet.sn1",
            "azurerm_virtual_machine.os1",
            "azurerm_virtual_network.vn",
            "data.azurerm_public_ip.example"
          ]
        }
      ]
    },
    {
      "mode": "managed",
      "type": "null_resource",
      "name": "conf_http_server",
      "provider": "provider[\"registry.terraform.io/hashicorp/null\"]",
      "instances": [
        {
          "schema_version": 0,
          "attributes": {
            "id": "6661184280365028217",
            "triggers": null
          },
          "sensitive_attributes": [],
          "private": "bnVsbA==",
          "dependencies": [
            "azurerm_network_interface.net-interface",
            "azurerm_public_ip.public-ip",
            "azurerm_resource_group.rg1",
            "azurerm_subnet.sn1",
            "azurerm_virtual_machine.os1",
            "azurerm_virtual_network.vn",
            "data.azurerm_public_ip.example"
          ]
        }
      ]
    },
    {
      "mode": "managed",
      "type": "null_resource",
      "name": "copy_config_file",
      "provider": "provider[\"registry.terraform.io/hashicorp/null\"]",
      "instances": [
        {
          "schema_version": 0,
          "attributes": {
            "id": "2437198357257341929",
            "triggers": null
          },
          "sensitive_attributes": [],
          "private": "bnVsbA==",
          "dependencies": [
            "azurerm_network_interface.net-interface",
            "azurerm_public_ip.public-ip",
            "azurerm_resource_group.rg1",
            "azurerm_subnet.sn1",
            "azurerm_virtual_machine.os1",
            "azurerm_virtual_network.vn",
            "data.azurerm_public_ip.example"
          ]
        }
      ]
    },
    {
      "mode": "managed",
      "type": "null_resource",
      "name": "copy_web_pages",
      "provider": "provider[\"registry.terraform.io/hashicorp/null\"]",
      "instances": [
        {
          "schema_version": 0,
          "attributes": {
            "id": "6525949854903039116",
            "triggers": null
          },
          "sensitive_attributes": [],
          "private": "bnVsbA==",
          "dependencies": [
            "azurerm_network_interface.net-interface",
            "azurerm_public_ip.public-ip",
            "azurerm_resource_group.rg1",
            "azurerm_subnet.sn1",
            "azurerm_virtual_machine.os1",
            "azurerm_virtual_network.vn",
            "data.azurerm_public_ip.example"
          ]
        }
      ]
    }
  ]
}
